
Microsoft Visual Studio Solution File, Format Version 12.00
# Visual Studio 15
VisualStudioVersion = 15.0.27428.2043
MinimumVisualStudioVersion = 10.0.40219.1
Project("{F2A71F9B-5D33-465A-A702-920D77279786}") = "RPiFileStore", "RPiFileStore\RPiFileStore.fsproj", "{99E3AB34-534D-4B59-B2DC-61D355A7845A}"
EndProject
Global
	GlobalSection(SolutionConfigurationPlatforms) = preSolution
		Debug|Any CPU = Debug|Any CPU
		Release|Any CPU = Release|Any CPU
	EndGlobalSection
	GlobalSection(ProjectConfigurationPlatforms) = postSolution
		{99E3AB34-534D-4B59-B2DC-61D355A7845A}.Debug|Any CPU.ActiveCfg = Debug|Any CPU
		{99E3AB34-534D-4B59-B2DC-61D355A7845A}.Debug|Any CPU.Build.0 = Debug|Any CPU
		{99E3AB34-534D-4B59-B2DC-61D355A7845A}.Release|Any CPU.ActiveCfg = Release|Any CPU
		{99E3AB34-534D-4B59-B2DC-61D355A7845A}.Release|Any CPU.Build.0 = Release|Any CPU
	EndGlobalSection
	GlobalSection(SolutionProperties) = preSolution
		HideSolutionNode = FALSE
	EndGlobalSection
	GlobalSection(ExtensibilityGlobals) = postSolution
		SolutionGuid = {09B4B0C3-4598-4771-AD99-BA57EBA74E36}
	EndGlobalSection
EndGlobal
